{
  "nodes": {
    "nixpkgs": {
      "locked": {
        "lastModified": 1741379970,
        "narHash": "sha256-Wh7esNh7G24qYleLvgOSY/7HlDUzWaL/n4qzlBePpiw=",
        "owner": "nixos",
        "repo": "nixpkgs",
        "rev": "36fd87baa9083f34f7f5027900b62ee6d09b1f2f",
        "type": "github"
      },
      "original": {
        "owner": "nixos",
        "ref": "nixos-unstable",
        "repo": "nixpkgs",
        "type": "github"
      }
    },
    "nutest": {
      "flake": false,
      "locked": {
        "lastModified": 1739469972,
        "narHash": "sha256-lGV2TRJvZnXdPTFau3nB4bWNlMacPm0YYo6HXRHloE0=",
        "owner": "vyadh",
        "repo": "nutest",
        "rev": "d19774c07482268f77f050480f1220c1155a8286",
        "type": "github"
      },
      "original": {
        "owner": "vyadh",
        "repo": "nutest",
        "type": "github"
      }
    },
    "root": {
      "inputs": {
        "nixpkgs": "nixpkgs",
        "nutest": "nutest"
      }
    }
  },
  "root": "root",
  "version": 7
}
